{
  "name": "parkinglot",
  "version": "1.0.0",
  "lockfileVersion": 1,
  "requires": true,
  "dependencies": {
    "@types/prettyjson": {
      "version": "0.0.28",
      "resolved": "https://registry.npmjs.org/@types/prettyjson/-/prettyjson-0.0.28.tgz",
      "integrity": "sha1-ExqJDe1kIbG1RfRRCkrqvG1GUnU=",
      "dev": true
    }
  }
}
